
Microsoft Visual Studio Solution File, Format Version 12.00
# Visual Studio Version 16
VisualStudioVersion = 16.0.30621.155
MinimumVisualStudioVersion = 10.0.40219.1
Project("{8BC9CEB8-8B4A-11D0-8D11-00A0C91BC942}") = "EEMBC_AUDIO", "EEMBC_AUDIO.vcxproj", "{08E0FF85-1118-4A39-9EB3-534CABF1BE09}"
EndProject
Global
	GlobalSection(SolutionConfigurationPlatforms) = preSolution
		Debug|x64 = Debug|x64
		Debug|x86 = Debug|x86
		Release|x64 = Release|x64
		Release|x86 = Release|x86
	EndGlobalSection
	GlobalSection(ProjectConfigurationPlatforms) = postSolution
		{08E0FF85-1118-4A39-9EB3-534CABF1BE09}.Debug|x64.ActiveCfg = Debug|x64
		{08E0FF85-1118-4A39-9EB3-534CABF1BE09}.Debug|x64.Build.0 = Debug|x64
		{08E0FF85-1118-4A39-9EB3-534CABF1BE09}.Debug|x86.ActiveCfg = Debug|Win32
		{08E0FF85-1118-4A39-9EB3-534CABF1BE09}.Debug|x86.Build.0 = Debug|Win32
		{08E0FF85-1118-4A39-9EB3-534CABF1BE09}.Release|x64.ActiveCfg = Release|x64
		{08E0FF85-1118-4A39-9EB3-534CABF1BE09}.Release|x64.Build.0 = Release|x64
		{08E0FF85-1118-4A39-9EB3-534CABF1BE09}.Release|x86.ActiveCfg = Release|Win32
		{08E0FF85-1118-4A39-9EB3-534CABF1BE09}.Release|x86.Build.0 = Release|Win32
	EndGlobalSection
	GlobalSection(SolutionProperties) = preSolution
		HideSolutionNode = FALSE
	EndGlobalSection
	GlobalSection(ExtensibilityGlobals) = postSolution
		SolutionGuid = {C9786112-C8CF-4AC3-ABA3-065C388D3FA9}
	EndGlobalSection
EndGlobal
